
Microsoft Visual Studio Solution File, Format Version 12.00
# Visual Studio 2012
Project("{FAE04EC0-301F-11D3-BF4B-00C04F79EFBC}") = "GeoCloudPage", "GeoCloud_Page\GeoCloudPage.csproj", "{7B4FAF21-28C6-44F9-BB4D-95BB51A7A400}"
EndProject
Global
	GlobalSection(TeamFoundationVersionControl) = preSolution
		SccNumberOfProjects = 2
		SccEnterpriseProvider = {4CA58AB2-18FA-4F8D-95D4-32DDF27D184C}
		SccTeamFoundationServer = http://tfs.cs.fiu.edu:8080/tfs/defaultcollection
		SccLocalPath0 = .
		SccProjectUniqueName1 = GeoCloud_Page\\GeoCloudPage.csproj
		SccProjectName1 = GeoCloud_Page
		SccLocalPath1 = GeoCloud_Page
	EndGlobalSection
	GlobalSection(SolutionConfigurationPlatforms) = preSolution
		Debug|Any CPU = Debug|Any CPU
		Release|Any CPU = Release|Any CPU
	EndGlobalSection
	GlobalSection(ProjectConfigurationPlatforms) = postSolution
		{7B4FAF21-28C6-44F9-BB4D-95BB51A7A400}.Debug|Any CPU.ActiveCfg = Debug|Any CPU
		{7B4FAF21-28C6-44F9-BB4D-95BB51A7A400}.Debug|Any CPU.Build.0 = Debug|Any CPU
		{7B4FAF21-28C6-44F9-BB4D-95BB51A7A400}.Release|Any CPU.ActiveCfg = Release|Any CPU
		{7B4FAF21-28C6-44F9-BB4D-95BB51A7A400}.Release|Any CPU.Build.0 = Release|Any CPU
	EndGlobalSection
	GlobalSection(SolutionProperties) = preSolution
		HideSolutionNode = FALSE
	EndGlobalSection
EndGlobal
